
Microsoft Visual Studio Solution File, Format Version 12.00
# Visual Studio Version 17
VisualStudioVersion = 17.4.33103.184
MinimumVisualStudioVersion = 10.0.40219.1
Project("{9A19103F-16F7-4668-BE54-9A1E7A4F7556}") = "KUSYS.Web", "KUSYS.Web\KUSYS.Web.csproj", "{39150844-5DAE-470A-BC78-96742F96D491}"
EndProject
Project("{9A19103F-16F7-4668-BE54-9A1E7A4F7556}") = "KUSYS.Domain", "KUSYS.Domain\KUSYS.Domain.csproj", "{02AAA2A1-203D-414B-B498-542C67F6A041}"
EndProject
Project("{9A19103F-16F7-4668-BE54-9A1E7A4F7556}") = "KUSYS.Core", "KUSYS.Core\KUSYS.Core.csproj", "{0DA23A8A-0668-4FA1-9C97-1733310113D0}"
EndProject
Global
	GlobalSection(SolutionConfigurationPlatforms) = preSolution
		Debug|Any CPU = Debug|Any CPU
		Release|Any CPU = Release|Any CPU
	EndGlobalSection
	GlobalSection(ProjectConfigurationPlatforms) = postSolution
		{39150844-5DAE-470A-BC78-96742F96D491}.Debug|Any CPU.ActiveCfg = Debug|Any CPU
		{39150844-5DAE-470A-BC78-96742F96D491}.Debug|Any CPU.Build.0 = Debug|Any CPU
		{39150844-5DAE-470A-BC78-96742F96D491}.Release|Any CPU.ActiveCfg = Release|Any CPU
		{39150844-5DAE-470A-BC78-96742F96D491}.Release|Any CPU.Build.0 = Release|Any CPU
		{02AAA2A1-203D-414B-B498-542C67F6A041}.Debug|Any CPU.ActiveCfg = Debug|Any CPU
		{02AAA2A1-203D-414B-B498-542C67F6A041}.Debug|Any CPU.Build.0 = Debug|Any CPU
		{02AAA2A1-203D-414B-B498-542C67F6A041}.Release|Any CPU.ActiveCfg = Release|Any CPU
		{02AAA2A1-203D-414B-B498-542C67F6A041}.Release|Any CPU.Build.0 = Release|Any CPU
		{0DA23A8A-0668-4FA1-9C97-1733310113D0}.Debug|Any CPU.ActiveCfg = Debug|Any CPU
		{0DA23A8A-0668-4FA1-9C97-1733310113D0}.Debug|Any CPU.Build.0 = Debug|Any CPU
		{0DA23A8A-0668-4FA1-9C97-1733310113D0}.Release|Any CPU.ActiveCfg = Release|Any CPU
		{0DA23A8A-0668-4FA1-9C97-1733310113D0}.Release|Any CPU.Build.0 = Release|Any CPU
	EndGlobalSection
	GlobalSection(SolutionProperties) = preSolution
		HideSolutionNode = FALSE
	EndGlobalSection
	GlobalSection(ExtensibilityGlobals) = postSolution
		SolutionGuid = {C25CC8CD-A234-4648-A315-B61A715D1668}
	EndGlobalSection
EndGlobal
